
Microsoft Visual Studio Solution File, Format Version 12.00
# Visual Studio Version 17
VisualStudioVersion = 17.13.35913.81 d17.13
MinimumVisualStudioVersion = 10.0.40219.1
Project("{FAE04EC0-301F-11D3-BF4B-00C04F79EFBC}") = "Gesundheits ding", "Gesundheits ding.csproj", "{8D820CC2-1DEC-4985-9991-073A7882027D}"
EndProject
Global
	GlobalSection(SolutionConfigurationPlatforms) = preSolution
		Debug|Any CPU = Debug|Any CPU
		Release|Any CPU = Release|Any CPU
	EndGlobalSection
	GlobalSection(ProjectConfigurationPlatforms) = postSolution
		{8D820CC2-1DEC-4985-9991-073A7882027D}.Debug|Any CPU.ActiveCfg = Debug|Any CPU
		{8D820CC2-1DEC-4985-9991-073A7882027D}.Debug|Any CPU.Build.0 = Debug|Any CPU
		{8D820CC2-1DEC-4985-9991-073A7882027D}.Release|Any CPU.ActiveCfg = Release|Any CPU
		{8D820CC2-1DEC-4985-9991-073A7882027D}.Release|Any CPU.Build.0 = Release|Any CPU
	EndGlobalSection
	GlobalSection(SolutionProperties) = preSolution
		HideSolutionNode = FALSE
	EndGlobalSection
	GlobalSection(ExtensibilityGlobals) = postSolution
		SolutionGuid = {B0995797-C0A7-46E4-B8D8-1185600B5EA6}
	EndGlobalSection
EndGlobal
